<?xml version="1.0" encoding="UTF-8" standalone="yes" ?>
<CodeBlocks_project_file>
	<FileVersion major="1" minor="6" />
	<Project>
		<Option title="SDL2byHL" />
		<Option execution_dir="C:/LapTrinh/SDL2byHL/" />
		<Option pch_mode="2" />
		<Option compiler="gcc" />
		<Build>
			<Target title="Debug">
				<Option output="bin/Debug/SDL2byHL" prefix_auto="1" extension_auto="1" />
				<Option object_output="obj/Debug/" />
				<Option type="1" />
				<Option compiler="gcc" />
				<Compiler>
					<Add option="-g" />
				</Compiler>
			</Target>
			<Target title="Release">
				<Option output="bin/Release/SDL2byHL" prefix_auto="1" extension_auto="1" />
				<Option object_output="obj/Release/" />
				<Option type="1" />
				<Option compiler="gcc" />
				<Compiler>
					<Add option="-O2" />
				</Compiler>
				<Linker>
					<Add option="-s" />
				</Linker>
			</Target>
		</Build>
		<Compiler>
			<Add option="-Wall" />
			<Add directory="C:/mingw_dev_lib/x86_64-w64-mingw32/include" />
		</Compiler>
		<Linker>
			<Add option="-lmingw32 -lSDL2main -lSDL2 -lSDL2_image -lSDL2_ttf" />
			<Add directory="C:/mingw_dev_lib/x86_64-w64-mingw32/lib" />
		</Linker>
		<Unit filename="Collision.cpp" />
		<Unit filename="Collision.h" />
		<Unit filename="ECS/Animation.h" />
		<Unit filename="ECS/ColliderComponent.h" />
		<Unit filename="ECS/Components.h" />
		<Unit filename="ECS/ECS.cpp" />
		<Unit filename="ECS/ECS.h" />
		<Unit filename="ECS/KeyboardController.h" />
		<Unit filename="ECS/SpriteComponent.h" />
		<Unit filename="ECS/TileComponent.h" />
		<Unit filename="ECS/TransformComponent.h" />
		<Unit filename="GameLoop.cpp" />
		<Unit filename="GameLoop.h" />
		<Unit filename="GameObject.cpp" />
		<Unit filename="GameObject.h" />
		<Unit filename="Map.cpp" />
		<Unit filename="Map.h" />
		<Unit filename="TextObject.cpp" />
		<Unit filename="TextObject.h" />
		<Unit filename="TextureManage.cpp" />
		<Unit filename="TextureManage.h" />
		<Unit filename="TextureMapManage.h" />
		<Unit filename="TileComponent.h" />
		<Unit filename="Vector2D.cpp" />
		<Unit filename="Vector2D.h" />
		<Unit filename="main.cpp" />
		<Extensions />
	</Project>
</CodeBlocks_project_file>
